<?xml version="1.0" encoding="utf-8"?>
<Project ToolsVersion="4.0" xmlns="http://schemas.microsoft.com/developer/msbuild/2003">
  <ItemGroup>
    <ClCompile Include="src\main.cpp" />
    <ClCompile Include="src\general\audiomanager\AudioManager.cpp" />
    <ClCompile Include="src\general\button\Button.cpp" />
    <ClCompile Include="src\general\hud\HUD.cpp" />
    <ClCompile Include="src\general\text\Text.cpp" />
    <ClCompile Include="src\general\vec2\vec2.cpp" />
    <ClCompile Include="src\manager\GameManager.cpp" />
    <ClCompile Include="src\scenes\SceneManager.cpp" />
    <ClCompile Include="src\scenes\credits\Credits.cpp" />
    <ClCompile Include="src\scenes\endscreen\EndGameScreen.cpp" />
    <ClCompile Include="src\scenes\gameplay\Player.cpp" />
    <ClCompile Include="src\scenes\gameplay\Gameplay.cpp" />
    <ClCompile Include="src\scenes\gameplay\inGamePause.cpp" />
    <ClCompile Include="src\scenes\menu\Menu.cpp" />
    <ClCompile Include="src\scenes\rules\Rules.cpp" />
    <ClCompile Include="src\general\externs\Externs.cpp">
      <Filter>extern</Filter>
    </ClCompile>
  </ItemGroup>
  <ItemGroup>
    <ClInclude Include="src\general\audiomanager\AudioManager.h" />
    <ClInclude Include="src\general\button\Button.h" />
    <ClInclude Include="src\general\hud\HUD.h" />
    <ClInclude Include="src\general\text\Text.h" />
    <ClInclude Include="src\general\vec2\vec2.h" />
    <ClInclude Include="src\manager\GameManager.h" />
    <ClInclude Include="src\scenes\SceneManager.h" />
    <ClInclude Include="src\scenes\credits\Credits.h" />
    <ClInclude Include="src\scenes\endscreen\EndGameScreen.h" />
    <ClInclude Include="src\scenes\gameplay\Player.h" />
    <ClInclude Include="src\scenes\gameplay\Gameplay.h" />
    <ClInclude Include="src\scenes\gameplay\inGamePause.h" />
    <ClInclude Include="src\scenes\menu\Menu.h" />
    <ClInclude Include="src\scenes\rules\Rules.h" />
    <ClInclude Include="src\general\externs\Externs.h">
      <Filter>extern</Filter>
    </ClInclude>
  </ItemGroup>
  <ItemGroup>
    <Filter Include="extern">
      <UniqueIdentifier>{4ec51ed6-de88-4b97-a586-4e9a75b670e5}</UniqueIdentifier>
    </Filter>
  </ItemGroup>
</Project>