<?xml version="1.0" encoding="utf-8"?>
<Project ToolsVersion="4.0" xmlns="http://schemas.microsoft.com/developer/msbuild/2003">
  <ItemGroup>
    <Filter Include="Scenes">
      <UniqueIdentifier>{cbb95e98-bfda-4f80-bc49-ccfd7b7c9d3e}</UniqueIdentifier>
    </Filter>
    <Filter Include="Scenes\Credits">
      <UniqueIdentifier>{e3a6a9a7-fee8-4f61-9ae7-cadd265016df}</UniqueIdentifier>
    </Filter>
    <Filter Include="Scenes\Menu">
      <UniqueIdentifier>{d98d887c-3102-4617-a64f-502b7a598c6c}</UniqueIdentifier>
    </Filter>
    <Filter Include="Scenes\Rules">
      <UniqueIdentifier>{c24bc773-52d4-4a36-bd8a-d3dd9c83781c}</UniqueIdentifier>
    </Filter>
    <Filter Include="Scenes\Gameplay">
      <UniqueIdentifier>{1d400229-f3e7-407c-ab04-9dff699ce881}</UniqueIdentifier>
    </Filter>
    <Filter Include="Scenes\End Screen">
      <UniqueIdentifier>{697ed350-c0c0-489a-9b4f-403d301e7287}</UniqueIdentifier>
    </Filter>
    <Filter Include="General">
      <UniqueIdentifier>{cf99f8d7-6f96-40f1-b85a-160065f1b300}</UniqueIdentifier>
    </Filter>
    <Filter Include="General\Audio Manager">
      <UniqueIdentifier>{2490dd17-91e3-4036-a83a-27a82de10988}</UniqueIdentifier>
    </Filter>
    <Filter Include="General\Button">
      <UniqueIdentifier>{696d6612-5b13-4ae9-915e-52ee4051762c}</UniqueIdentifier>
    </Filter>
    <Filter Include="General\HUD">
      <UniqueIdentifier>{3cd5e787-c1f8-46b5-b0ca-56d856af8ddc}</UniqueIdentifier>
    </Filter>
    <Filter Include="General\Text">
      <UniqueIdentifier>{0bf8bca4-4425-438a-8b27-cd57f3381d0d}</UniqueIdentifier>
    </Filter>
    <Filter Include="General\Vec2">
      <UniqueIdentifier>{1a947ad7-0d6b-4acc-88c7-f206f257012b}</UniqueIdentifier>
    </Filter>
    <Filter Include="Scenes\Manager">
      <UniqueIdentifier>{309fc6a3-7e9c-4aa2-b1a8-d417583827ab}</UniqueIdentifier>
    </Filter>
    <Filter Include="Scenes\Gameplay\Pause">
      <UniqueIdentifier>{2cb64bb8-ea34-40de-ab20-893f54f7c212}</UniqueIdentifier>
    </Filter>
    <Filter Include="Scenes\Gameplay\Player">
      <UniqueIdentifier>{3d251980-ffaa-432e-8492-a49f9a0afd06}</UniqueIdentifier>
    </Filter>
    <Filter Include="Game Manager">
      <UniqueIdentifier>{86b356dc-5b69-4c15-9a87-ac2d3e13a32b}</UniqueIdentifier>
    </Filter>
  </ItemGroup>
  <ItemGroup>
    <ClCompile Include="src\main.cpp" />
    <ClCompile Include="src\general\audiomanager\AudioManager.cpp">
      <Filter>General\Audio Manager</Filter>
    </ClCompile>
    <ClCompile Include="src\general\button\Button.cpp">
      <Filter>General\Button</Filter>
    </ClCompile>
    <ClCompile Include="src\general\hud\HUD.cpp">
      <Filter>General\HUD</Filter>
    </ClCompile>
    <ClCompile Include="src\general\vec2\vec2.cpp">
      <Filter>General\Vec2</Filter>
    </ClCompile>
    <ClCompile Include="src\general\text\Text.cpp">
      <Filter>General\Text</Filter>
    </ClCompile>
    <ClCompile Include="src\scenes\credits\Credits.cpp">
      <Filter>Scenes\Credits</Filter>
    </ClCompile>
    <ClCompile Include="src\scenes\menu\Menu.cpp">
      <Filter>Scenes\Menu</Filter>
    </ClCompile>
    <ClCompile Include="src\scenes\SceneManager.cpp">
      <Filter>Scenes\Manager</Filter>
    </ClCompile>
    <ClCompile Include="src\scenes\rules\Rules.cpp">
      <Filter>Scenes\Rules</Filter>
    </ClCompile>
    <ClCompile Include="src\scenes\endscreen\EndGameScreen.cpp">
      <Filter>Scenes\End Screen</Filter>
    </ClCompile>
    <ClCompile Include="src\scenes\gameplay\Player.cpp">
      <Filter>Scenes\Gameplay\Player</Filter>
    </ClCompile>
    <ClCompile Include="src\scenes\gameplay\inGamePause.cpp">
      <Filter>Scenes\Gameplay\Pause</Filter>
    </ClCompile>
    <ClCompile Include="src\scenes\gameplay\Gameplay.cpp">
      <Filter>Scenes\Gameplay</Filter>
    </ClCompile>
    <ClCompile Include="src\manager\GameManager.cpp">
      <Filter>Game Manager</Filter>
    </ClCompile>
  </ItemGroup>
  <ItemGroup>
    <ClInclude Include="src\general\audiomanager\AudioManager.h">
      <Filter>General\Audio Manager</Filter>
    </ClInclude>
    <ClInclude Include="src\general\button\Button.h">
      <Filter>General\Button</Filter>
    </ClInclude>
    <ClInclude Include="src\general\hud\HUD.h">
      <Filter>General\HUD</Filter>
    </ClInclude>
    <ClInclude Include="src\general\vec2\vec2.h">
      <Filter>General\Vec2</Filter>
    </ClInclude>
    <ClInclude Include="src\general\text\Text.h">
      <Filter>General\Text</Filter>
    </ClInclude>
    <ClInclude Include="src\scenes\credits\Credits.h">
      <Filter>Scenes\Credits</Filter>
    </ClInclude>
    <ClInclude Include="src\scenes\menu\Menu.h">
      <Filter>Scenes\Menu</Filter>
    </ClInclude>
    <ClInclude Include="src\scenes\SceneManager.h">
      <Filter>Scenes\Manager</Filter>
    </ClInclude>
    <ClInclude Include="src\scenes\rules\Rules.h">
      <Filter>Scenes\Rules</Filter>
    </ClInclude>
    <ClInclude Include="src\scenes\endscreen\EndGameScreen.h">
      <Filter>Scenes\End Screen</Filter>
    </ClInclude>
    <ClInclude Include="src\scenes\gameplay\Player.h">
      <Filter>Scenes\Gameplay\Player</Filter>
    </ClInclude>
    <ClInclude Include="src\scenes\gameplay\inGamePause.h">
      <Filter>Scenes\Gameplay\Pause</Filter>
    </ClInclude>
    <ClInclude Include="src\scenes\gameplay\Gameplay.h">
      <Filter>Scenes\Gameplay</Filter>
    </ClInclude>
    <ClInclude Include="src\manager\GameManager.h">
      <Filter>Game Manager</Filter>
    </ClInclude>
  </ItemGroup>
</Project>